
Microsoft Visual Studio Solution File, Format Version 12.00
# Visual Studio Version 17
VisualStudioVersion = 17.6.33829.357
MinimumVisualStudioVersion = 10.0.40219.1
Project("{FAE04EC0-301F-11D3-BF4B-00C04F79EFBC}") = "WebApplication3", "WebApplication3.csproj", "{1CE967ED-9D67-4D7F-A985-F6524CC8C84F}"
EndProject
Global
	GlobalSection(SolutionConfigurationPlatforms) = preSolution
		Debug|Any CPU = Debug|Any CPU
		Release|Any CPU = Release|Any CPU
	EndGlobalSection
	GlobalSection(ProjectConfigurationPlatforms) = postSolution
		{1CE967ED-9D67-4D7F-A985-F6524CC8C84F}.Debug|Any CPU.ActiveCfg = Debug|Any CPU
		{1CE967ED-9D67-4D7F-A985-F6524CC8C84F}.Debug|Any CPU.Build.0 = Debug|Any CPU
		{1CE967ED-9D67-4D7F-A985-F6524CC8C84F}.Release|Any CPU.ActiveCfg = Release|Any CPU
		{1CE967ED-9D67-4D7F-A985-F6524CC8C84F}.Release|Any CPU.Build.0 = Release|Any CPU
	EndGlobalSection
	GlobalSection(SolutionProperties) = preSolution
		HideSolutionNode = FALSE
	EndGlobalSection
	GlobalSection(ExtensibilityGlobals) = postSolution
		SolutionGuid = {E51BBEE2-E302-460A-BDDB-3DCD5AC2B016}
	EndGlobalSection
EndGlobal
